
Microsoft Visual Studio Solution File, Format Version 12.00
# Visual Studio 14
VisualStudioVersion = 14.0.23107.0
MinimumVisualStudioVersion = 10.0.40219.1
Project("{FAE04EC0-301F-11D3-BF4B-00C04F79EFBC}") = "AsyncExtensions", "AsyncExtensions\AsyncExtensions.csproj", "{72BB0724-9BE9-4E95-82DA-06C29EDF0ACD}"
EndProject
Project("{FAE04EC0-301F-11D3-BF4B-00C04F79EFBC}") = "AsyncExtensions.Tests", "AsyncExtensions.Tests\AsyncExtensions.Tests.csproj", "{B145F777-2412-46CE-A7EE-DD41F941E5A8}"
EndProject
Project("{2150E333-8FDC-42A3-9474-1A3956D46DE8}") = "Solution Items", "Solution Items", "{B111006F-6D8F-4013-95B0-9589BAAD45CD}"
	ProjectSection(SolutionItems) = preProject
		CodeCoverage.runsettings = CodeCoverage.runsettings
	EndProjectSection
EndProject
Project("{2150E333-8FDC-42A3-9474-1A3956D46DE8}") = "Build", "Build", "{3CB80579-0C24-4714-B966-08166662D551}"
	ProjectSection(SolutionItems) = preProject
		ApplyVersionToAssemblies.ps1 = ApplyVersionToAssemblies.ps1
	EndProjectSection
EndProject
Global
	GlobalSection(SolutionConfigurationPlatforms) = preSolution
		Debug|Any CPU = Debug|Any CPU
		Release|Any CPU = Release|Any CPU
	EndGlobalSection
	GlobalSection(ProjectConfigurationPlatforms) = postSolution
		{72BB0724-9BE9-4E95-82DA-06C29EDF0ACD}.Debug|Any CPU.ActiveCfg = Debug|Any CPU
		{72BB0724-9BE9-4E95-82DA-06C29EDF0ACD}.Debug|Any CPU.Build.0 = Debug|Any CPU
		{72BB0724-9BE9-4E95-82DA-06C29EDF0ACD}.Release|Any CPU.ActiveCfg = Release|Any CPU
		{72BB0724-9BE9-4E95-82DA-06C29EDF0ACD}.Release|Any CPU.Build.0 = Release|Any CPU
		{B145F777-2412-46CE-A7EE-DD41F941E5A8}.Debug|Any CPU.ActiveCfg = Debug|Any CPU
		{B145F777-2412-46CE-A7EE-DD41F941E5A8}.Debug|Any CPU.Build.0 = Debug|Any CPU
		{B145F777-2412-46CE-A7EE-DD41F941E5A8}.Release|Any CPU.ActiveCfg = Release|Any CPU
		{B145F777-2412-46CE-A7EE-DD41F941E5A8}.Release|Any CPU.Build.0 = Release|Any CPU
	EndGlobalSection
	GlobalSection(SolutionProperties) = preSolution
		HideSolutionNode = FALSE
	EndGlobalSection
EndGlobal
